
Microsoft Visual Studio Solution File, Format Version 12.00
# Visual Studio Version 17
VisualStudioVersion = 17.8.34525.116
MinimumVisualStudioVersion = 10.0.40219.1
Project("{2150E333-8FDC-42A3-9474-1A3956D46DE8}") = "Frontend", "Frontend", "{E32397D1-CB8A-41A3-A188-0E89CBA174D9}"
EndProject
Project("{FAE04EC0-301F-11D3-BF4B-00C04F79EFBC}") = "ToDo.Web", "ToDo.Web\ToDo.Web.csproj", "{70948B44-CAD7-4D68-88F7-F218FD4C2814}"
EndProject
Project("{2150E333-8FDC-42A3-9474-1A3956D46DE8}") = "Sevices", "Sevices", "{F31AE68A-0A93-4D99-BACB-37D7E4D27D4C}"
EndProject
Project("{FAE04EC0-301F-11D3-BF4B-00C04F79EFBC}") = "ToDo.Services.ToDoAPI", "ToDo.Services.ToDoAPI\ToDo.Services.ToDoAPI.csproj", "{F4E7C44C-42C0-4AE8-A0BA-D4A5E0424880}"
EndProject
Global
	GlobalSection(SolutionConfigurationPlatforms) = preSolution
		Debug|Any CPU = Debug|Any CPU
		Release|Any CPU = Release|Any CPU
	EndGlobalSection
	GlobalSection(ProjectConfigurationPlatforms) = postSolution
		{70948B44-CAD7-4D68-88F7-F218FD4C2814}.Debug|Any CPU.ActiveCfg = Debug|Any CPU
		{70948B44-CAD7-4D68-88F7-F218FD4C2814}.Debug|Any CPU.Build.0 = Debug|Any CPU
		{70948B44-CAD7-4D68-88F7-F218FD4C2814}.Release|Any CPU.ActiveCfg = Release|Any CPU
		{70948B44-CAD7-4D68-88F7-F218FD4C2814}.Release|Any CPU.Build.0 = Release|Any CPU
		{F4E7C44C-42C0-4AE8-A0BA-D4A5E0424880}.Debug|Any CPU.ActiveCfg = Debug|Any CPU
		{F4E7C44C-42C0-4AE8-A0BA-D4A5E0424880}.Debug|Any CPU.Build.0 = Debug|Any CPU
		{F4E7C44C-42C0-4AE8-A0BA-D4A5E0424880}.Release|Any CPU.ActiveCfg = Release|Any CPU
		{F4E7C44C-42C0-4AE8-A0BA-D4A5E0424880}.Release|Any CPU.Build.0 = Release|Any CPU
	EndGlobalSection
	GlobalSection(SolutionProperties) = preSolution
		HideSolutionNode = FALSE
	EndGlobalSection
	GlobalSection(NestedProjects) = preSolution
		{70948B44-CAD7-4D68-88F7-F218FD4C2814} = {E32397D1-CB8A-41A3-A188-0E89CBA174D9}
		{F4E7C44C-42C0-4AE8-A0BA-D4A5E0424880} = {F31AE68A-0A93-4D99-BACB-37D7E4D27D4C}
	EndGlobalSection
	GlobalSection(ExtensibilityGlobals) = postSolution
		SolutionGuid = {B4D44A41-42C7-4819-B69F-2C2E360669BD}
	EndGlobalSection
EndGlobal
